
Microsoft Visual Studio Solution File, Format Version 12.00
# Visual Studio Version 16
VisualStudioVersion = 16.0.29509.3
MinimumVisualStudioVersion = 10.0.40219.1
Project("{FAE04EC0-301F-11D3-BF4B-00C04F79EFBC}") = "RandomFieldGenerator", "RandomFieldGenerator\RandomFieldGenerator.csproj", "{240A5F33-9CCA-469F-A591-3560338F8B34}"
EndProject
Global
	GlobalSection(SolutionConfigurationPlatforms) = preSolution
		Debug|Any CPU = Debug|Any CPU
		Release|Any CPU = Release|Any CPU
	EndGlobalSection
	GlobalSection(ProjectConfigurationPlatforms) = postSolution
		{240A5F33-9CCA-469F-A591-3560338F8B34}.Debug|Any CPU.ActiveCfg = Debug|Any CPU
		{240A5F33-9CCA-469F-A591-3560338F8B34}.Debug|Any CPU.Build.0 = Debug|Any CPU
		{240A5F33-9CCA-469F-A591-3560338F8B34}.Release|Any CPU.ActiveCfg = Release|Any CPU
		{240A5F33-9CCA-469F-A591-3560338F8B34}.Release|Any CPU.Build.0 = Release|Any CPU
	EndGlobalSection
	GlobalSection(SolutionProperties) = preSolution
		HideSolutionNode = FALSE
	EndGlobalSection
	GlobalSection(ExtensibilityGlobals) = postSolution
		SolutionGuid = {81BA6B71-B717-4CFC-9796-CBF96597B8DB}
	EndGlobalSection
EndGlobal
